
Microsoft Visual Studio Solution File, Format Version 12.00
# Visual Studio Version 16
VisualStudioVersion = 16.0.33529.622
MinimumVisualStudioVersion = 10.0.40219.1
Project("{FAE04EC0-301F-11D3-BF4B-00C04F79EFBC}") = "Random - actividad c", "random\Random - actividad c.csproj", "{BC018837-8D26-4F02-BFF7-6F5EAE1372A0}"
EndProject
Project("{FAE04EC0-301F-11D3-BF4B-00C04F79EFBC}") = "DateTime - actividad a", "DateTime\DateTime - actividad a.csproj", "{C2E95055-59FF-4985-98EB-B503DCBEE9B3}"
EndProject
Project("{FAE04EC0-301F-11D3-BF4B-00C04F79EFBC}") = "DateTime - actividad b", "DateTime - actividad b\DateTime - actividad b.csproj", "{C94A7D0A-0719-4819-B0B5-DFEBEA8C57E5}"
EndProject
Global
	GlobalSection(SolutionConfigurationPlatforms) = preSolution
		Debug|Any CPU = Debug|Any CPU
		Release|Any CPU = Release|Any CPU
	EndGlobalSection
	GlobalSection(ProjectConfigurationPlatforms) = postSolution
		{BC018837-8D26-4F02-BFF7-6F5EAE1372A0}.Debug|Any CPU.ActiveCfg = Debug|Any CPU
		{BC018837-8D26-4F02-BFF7-6F5EAE1372A0}.Debug|Any CPU.Build.0 = Debug|Any CPU
		{BC018837-8D26-4F02-BFF7-6F5EAE1372A0}.Release|Any CPU.ActiveCfg = Release|Any CPU
		{BC018837-8D26-4F02-BFF7-6F5EAE1372A0}.Release|Any CPU.Build.0 = Release|Any CPU
		{C2E95055-59FF-4985-98EB-B503DCBEE9B3}.Debug|Any CPU.ActiveCfg = Debug|Any CPU
		{C2E95055-59FF-4985-98EB-B503DCBEE9B3}.Debug|Any CPU.Build.0 = Debug|Any CPU
		{C2E95055-59FF-4985-98EB-B503DCBEE9B3}.Release|Any CPU.ActiveCfg = Release|Any CPU
		{C2E95055-59FF-4985-98EB-B503DCBEE9B3}.Release|Any CPU.Build.0 = Release|Any CPU
		{C94A7D0A-0719-4819-B0B5-DFEBEA8C57E5}.Debug|Any CPU.ActiveCfg = Debug|Any CPU
		{C94A7D0A-0719-4819-B0B5-DFEBEA8C57E5}.Debug|Any CPU.Build.0 = Debug|Any CPU
		{C94A7D0A-0719-4819-B0B5-DFEBEA8C57E5}.Release|Any CPU.ActiveCfg = Release|Any CPU
		{C94A7D0A-0719-4819-B0B5-DFEBEA8C57E5}.Release|Any CPU.Build.0 = Release|Any CPU
	EndGlobalSection
	GlobalSection(SolutionProperties) = preSolution
		HideSolutionNode = FALSE
	EndGlobalSection
	GlobalSection(ExtensibilityGlobals) = postSolution
		SolutionGuid = {A80B9B12-B99E-4AB4-BCDB-F398449DDA60}
	EndGlobalSection
EndGlobal
